{
  "name": "brand-lint",
  "lockfileVersion": 3,
  "requires": true,
  "packages": {
    "": {
      "workspaces": [
        "eslint-plugin-brand-detector",
        "stylelint-plugin-brand-detector"
      ]
    },
    "eslint-plugin-brand-detector": {
      "version": "1.0.0",
      "peerDependencies": {
        "eslint": ">=7.0.0"
      }
    },
    "eslint-plugin-brand-detector/node_modules/eslint": {
      "extraneous": true
    },
    "node_modules/css-tree": {
      "version": "3.1.0",
      "resolved": "https://registry.npmjs.org/css-tree/-/css-tree-3.1.0.tgz",
      "integrity": "sha512-0eW44TGN5SQXU1mWSkKwFstI/22X2bG1nYzZTYMAWjylYURhse752YgbE4Cx46AC+bAvI+/dYTPRk1LqSUnu6w==",
      "extraneous": true,
      "dependencies": {
        "mdn-data": "2.12.2",
        "source-map-js": "^1.0.1"
      },
      "engines": {
        "node": "^10 || ^12.20.0 || ^14.13.0 || >=15.0.0"
      }
    },
    "node_modules/css-tree/node_modules/mdn-data": {
      "version": "2.12.2",
      "resolved": "https://registry.npmjs.org/mdn-data/-/mdn-data-2.12.2.tgz",
      "integrity": "sha512-IEn+pegP1aManZuckezWCO+XZQDplx1366JoVhTpMpBB1sPey/SbveZQUosKiKiGYjg1wH4pMlNgXbCiYgihQA==",
      "extraneous": true
    },
    "node_modules/cssesc": {
      "version": "3.0.0",
      "resolved": "https://registry.npmjs.org/cssesc/-/cssesc-3.0.0.tgz",
      "integrity": "sha512-/Tb/JcjK111nNScGob5MNtsntNM1aCNUDipB/TkwZFhyDrrE47SOx/18wF2bbjgc3ZzCSKW1T5nt5EbFoAz/Vg==",
      "extraneous": true,
      "bin": {
        "cssesc": "bin/cssesc"
      },
      "engines": {
        "node": ">=4"
      }
    },
    "node_modules/eslint-plugin-brand-detector": {
      "resolved": "eslint-plugin-brand-detector",
      "link": true
    },
    "node_modules/is-plain-object": {
      "version": "5.0.0",
      "resolved": "https://registry.npmjs.org/is-plain-object/-/is-plain-object-5.0.0.tgz",
      "integrity": "sha512-VRSzKkbMm5jMDoKLbltAkFQ5Qr7VDiTFGXxYFXXowVj387GeGNOCsOH6Msy00SGZ3Fp84b1Naa1psqgcCIEP5Q==",
      "extraneous": true,
      "engines": {
        "node": ">=0.10.0"
      }
    },
    "node_modules/known-css-properties": {
      "version": "0.35.0",
      "resolved": "https://registry.npmjs.org/known-css-properties/-/known-css-properties-0.35.0.tgz",
      "integrity": "sha512-a/RAk2BfKk+WFGhhOCAYqSiFLc34k8Mt/6NWRI4joER0EYUzXIcFivjjnoD3+XU1DggLn/tZc3DOAgke7l8a4A==",
      "extraneous": true
    },
    "node_modules/mdn-data": {
      "version": "2.19.0",
      "resolved": "https://registry.npmjs.org/mdn-data/-/mdn-data-2.19.0.tgz",
      "integrity": "sha512-vXxcNOxiaUhwoBShl2gd8xOQFeKWLosotfwPeRQsDwtruBSDFAzPPLfg2KMgdK8iz4RUVdswyWMuZwOVojrVZQ==",
      "extraneous": true
    },
    "node_modules/postcss-media-query-parser": {
      "version": "0.2.3",
      "resolved": "https://registry.npmjs.org/postcss-media-query-parser/-/postcss-media-query-parser-0.2.3.tgz",
      "integrity": "sha512-3sOlxmbKcSHMjlUXQZKQ06jOswE7oVkXPxmZdoB1r5l0q6gTFTQSHxNxOrCccElbW7dxNytifNEo8qidX2Vsig==",
      "extraneous": true
    },
    "node_modules/postcss-resolve-nested-selector": {
      "version": "0.1.6",
      "resolved": "https://registry.npmjs.org/postcss-resolve-nested-selector/-/postcss-resolve-nested-selector-0.1.6.tgz",
      "integrity": "sha512-0sglIs9Wmkzbr8lQwEyIzlDOOC9bGmfVKcJTaxv3vMmd3uo4o4DerC3En0bnmgceeql9BfC8hRkp7cg0fjdVqw==",
      "extraneous": true
    },
    "node_modules/postcss-scss": {
      "version": "4.0.9",
      "resolved": "https://registry.npmjs.org/postcss-scss/-/postcss-scss-4.0.9.tgz",
      "integrity": "sha512-AjKOeiwAitL/MXxQW2DliT28EKukvvbEWx3LBmJIRN8KfBGZbRTxNYW0kSqi1COiTZ57nZ9NW06S6ux//N1c9A==",
      "extraneous": true,
      "funding": [
        {
          "type": "opencollective",
          "url": "https://opencollective.com/postcss/"
        },
        {
          "type": "tidelift",
          "url": "https://tidelift.com/funding/github/npm/postcss-scss"
        },
        {
          "type": "github",
          "url": "https://github.com/sponsors/ai"
        }
      ],
      "engines": {
        "node": ">=12.0"
      },
      "peerDependencies": {
        "postcss": "^8.4.29"
      }
    },
    "node_modules/postcss-selector-parser": {
      "version": "7.1.0",
      "resolved": "https://registry.npmjs.org/postcss-selector-parser/-/postcss-selector-parser-7.1.0.tgz",
      "integrity": "sha512-8sLjZwK0R+JlxlYcTuVnyT2v+htpdrjDOKuMcOVdYjt52Lh8hWRYpxBPoKx/Zg+bcjc3wx6fmQevMmUztS/ccA==",
      "extraneous": true,
      "dependencies": {
        "cssesc": "^3.0.0",
        "util-deprecate": "^1.0.2"
      },
      "engines": {
        "node": ">=4"
      }
    },
    "node_modules/postcss-value-parser": {
      "version": "4.2.0",
      "resolved": "https://registry.npmjs.org/postcss-value-parser/-/postcss-value-parser-4.2.0.tgz",
      "integrity": "sha512-1NNCs6uurfkVbeXG4S8JFT9t19m45ICnif8zWLd5oPSZ50QnwMfK+H3jv408d4jw/7Bttv5axS5IiHoLaVNHeQ==",
      "extraneous": true
    },
    "node_modules/source-map-js": {
      "version": "1.2.1",
      "resolved": "https://registry.npmjs.org/source-map-js/-/source-map-js-1.2.1.tgz",
      "integrity": "sha512-UXWMKhLOwVKb728IUtQPXxfYU+usdybtUrK/8uGE8CQMvrhOpwvzDBwj0QhSL7MQc7vIsISBG8VQ8+IDQxpfQA==",
      "extraneous": true,
      "engines": {
        "node": ">=0.10.0"
      }
    },
    "node_modules/stylelint-config-recommended": {
      "version": "14.0.1",
      "resolved": "https://registry.npmjs.org/stylelint-config-recommended/-/stylelint-config-recommended-14.0.1.tgz",
      "integrity": "sha512-bLvc1WOz/14aPImu/cufKAZYfXs/A/owZfSMZ4N+16WGXLoX5lOir53M6odBxvhgmgdxCVnNySJmZKx73T93cg==",
      "extraneous": true,
      "funding": [
        {
          "type": "opencollective",
          "url": "https://opencollective.com/stylelint"
        },
        {
          "type": "github",
          "url": "https://github.com/sponsors/stylelint"
        }
      ],
      "engines": {
        "node": ">=18.12.0"
      },
      "peerDependencies": {
        "stylelint": "^16.1.0"
      }
    },
    "node_modules/stylelint-config-recommended-scss": {
      "version": "14.1.0",
      "resolved": "https://registry.npmjs.org/stylelint-config-recommended-scss/-/stylelint-config-recommended-scss-14.1.0.tgz",
      "integrity": "sha512-bhaMhh1u5dQqSsf6ri2GVWWQW5iUjBYgcHkh7SgDDn92ijoItC/cfO/W+fpXshgTQWhwFkP1rVcewcv4jaftRg==",
      "extraneous": true,
      "dependencies": {
        "postcss-scss": "^4.0.9",
        "stylelint-config-recommended": "^14.0.1",
        "stylelint-scss": "^6.4.0"
      },
      "engines": {
        "node": ">=18.12.0"
      },
      "peerDependencies": {
        "postcss": "^8.3.3",
        "stylelint": "^16.6.1"
      },
      "peerDependenciesMeta": {
        "postcss": {
          "optional": true
        }
      }
    },
    "node_modules/stylelint-config-standard": {
      "version": "36.0.1",
      "resolved": "https://registry.npmjs.org/stylelint-config-standard/-/stylelint-config-standard-36.0.1.tgz",
      "integrity": "sha512-8aX8mTzJ6cuO8mmD5yon61CWuIM4UD8Q5aBcWKGSf6kg+EC3uhB+iOywpTK4ca6ZL7B49en8yanOFtUW0qNzyw==",
      "extraneous": true,
      "funding": [
        {
          "type": "opencollective",
          "url": "https://opencollective.com/stylelint"
        },
        {
          "type": "github",
          "url": "https://github.com/sponsors/stylelint"
        }
      ],
      "dependencies": {
        "stylelint-config-recommended": "^14.0.1"
      },
      "engines": {
        "node": ">=18.12.0"
      },
      "peerDependencies": {
        "stylelint": "^16.1.0"
      }
    },
    "node_modules/stylelint-config-standard-scss": {
      "version": "14.0.0",
      "resolved": "https://registry.npmjs.org/stylelint-config-standard-scss/-/stylelint-config-standard-scss-14.0.0.tgz",
      "integrity": "sha512-6Pa26D9mHyi4LauJ83ls3ELqCglU6VfCXchovbEqQUiEkezvKdv6VgsIoMy58i00c854wVmOw0k8W5FTpuaVqg==",
      "extraneous": true,
      "dependencies": {
        "stylelint-config-recommended-scss": "^14.1.0",
        "stylelint-config-standard": "^36.0.1"
      },
      "engines": {
        "node": ">=18.12.0"
      },
      "peerDependencies": {
        "postcss": "^8.3.3",
        "stylelint": "^16.11.0"
      },
      "peerDependenciesMeta": {
        "postcss": {
          "optional": true
        }
      }
    },
    "node_modules/stylelint-plugin-brand-detector": {
      "resolved": "stylelint-plugin-brand-detector",
      "link": true
    },
    "node_modules/stylelint-scss": {
      "version": "6.11.1",
      "resolved": "https://registry.npmjs.org/stylelint-scss/-/stylelint-scss-6.11.1.tgz",
      "integrity": "sha512-e4rYo0UY+BIMtGeGanghrvHTjcryxgZbyFxUedp8dLFqC4P70aawNdYjRrQxbnKhu3BNr4+lt5e/53tcKXiwFA==",
      "extraneous": true,
      "dependencies": {
        "css-tree": "^3.0.1",
        "is-plain-object": "^5.0.0",
        "known-css-properties": "^0.35.0",
        "mdn-data": "^2.15.0",
        "postcss-media-query-parser": "^0.2.3",
        "postcss-resolve-nested-selector": "^0.1.6",
        "postcss-selector-parser": "^7.1.0",
        "postcss-value-parser": "^4.2.0"
      },
      "engines": {
        "node": ">=18.12.0"
      },
      "peerDependencies": {
        "stylelint": "^16.0.2"
      }
    },
    "node_modules/util-deprecate": {
      "version": "1.0.2",
      "resolved": "https://registry.npmjs.org/util-deprecate/-/util-deprecate-1.0.2.tgz",
      "integrity": "sha512-EPD5q1uXyFxJpCrLnCc1nHnq3gOa6DZBocAIiI2TaSCA7VCJ1UJDMagCzIkXNsUYfD1daK//LTEQ8xiIbrHtcw==",
      "extraneous": true
    },
    "stylelint-plugin-brand-detector": {
      "version": "1.0.0",
      "dependencies": {
        "postcss-value-parser": "^4.2.0",
        "stylelint-config-standard-scss": "^14.0.0"
      },
      "engines": {
        "node": ">=12.0.0"
      },
      "peerDependencies": {
        "stylelint": "^16.17.0"
      }
    },
    "stylelint-plugin-brand-detector/node_modules/postcss-value-parser": {},
    "stylelint-plugin-brand-detector/node_modules/stylelint": {
      "extraneous": true
    },
    "stylelint-plugin-brand-detector/node_modules/stylelint-config-standard-scss": {}
  }
}
